
Microsoft Visual Studio Solution File, Format Version 12.00
# Visual Studio Version 17
VisualStudioVersion = 17.5.002.0
MinimumVisualStudioVersion = 10.0.40219.1
Project("{9A19103F-16F7-4668-BE54-9A1E7A4F7556}") = "caseStudy", "caseStudy.csproj", "{813DB2E9-336E-40D5-B612-8C61A502087C}"
EndProject
Global
	GlobalSection(SolutionConfigurationPlatforms) = preSolution
		Debug|Any CPU = Debug|Any CPU
		Release|Any CPU = Release|Any CPU
	EndGlobalSection
	GlobalSection(ProjectConfigurationPlatforms) = postSolution
		{813DB2E9-336E-40D5-B612-8C61A502087C}.Debug|Any CPU.ActiveCfg = Debug|Any CPU
		{813DB2E9-336E-40D5-B612-8C61A502087C}.Debug|Any CPU.Build.0 = Debug|Any CPU
		{813DB2E9-336E-40D5-B612-8C61A502087C}.Release|Any CPU.ActiveCfg = Release|Any CPU
		{813DB2E9-336E-40D5-B612-8C61A502087C}.Release|Any CPU.Build.0 = Release|Any CPU
	EndGlobalSection
	GlobalSection(SolutionProperties) = preSolution
		HideSolutionNode = FALSE
	EndGlobalSection
	GlobalSection(ExtensibilityGlobals) = postSolution
		SolutionGuid = {77491755-C8B2-400B-9434-832A0593B42F}
	EndGlobalSection
EndGlobal
